// !$*UTF8*$!
{
	archiveVersion = 1;
	classes = {
	};
	objectVersion = 52;
	objects = {

/* Begin PBXBuildFile section */
		1C4E2FD7273EB46B00D1FA3C /* AppDelegate.swift in Sources */ = {isa = PBXBuildFile; fileRef = 1C4E2FD6273EB46B00D1FA3C /* AppDelegate.swift */; };
		1C4E2FD9273EB46B00D1FA3C /* SceneDelegate.swift in Sources */ = {isa = PBXBuildFile; fileRef = 1C4E2FD8273EB46B00D1FA3C /* SceneDelegate.swift */; };
		1C4E2FDE273EB46B00D1FA3C /* Main.storyboard in Resources */ = {isa = PBXBuildFile; fileRef = 1C4E2FDC273EB46B00D1FA3C /* Main.storyboard */; };
		1C4E2FE0273EB46D00D1FA3C /* Assets.xcassets in Resources */ = {isa = PBXBuildFile; fileRef = 1C4E2FDF273EB46D00D1FA3C /* Assets.xcassets */; };
		1C4E2FE3273EB46D00D1FA3C /* LaunchScreen.storyboard in Resources */ = {isa = PBXBuildFile; fileRef = 1C4E2FE1273EB46D00D1FA3C /* LaunchScreen.storyboard */; };
		1C4E2FF1273EB54A00D1FA3C /* Extensions.swift in Sources */ = {isa = PBXBuildFile; fileRef = 1C4E2FF0273EB54A00D1FA3C /* Extensions.swift */; };
		1CE6C95C273FAAA300B96627 /* MainTabController.swift in Sources */ = {isa = PBXBuildFile; fileRef = 1CE6C95B273FAAA300B96627 /* MainTabController.swift */; };
		1CE6C95E273FAD9A00B96627 /* FeedController.swift in Sources */ = {isa = PBXBuildFile; fileRef = 1CE6C95D273FAD9A00B96627 /* FeedController.swift */; };
		1CE6C960273FADCA00B96627 /* ExploreController.swift in Sources */ = {isa = PBXBuildFile; fileRef = 1CE6C95F273FADCA00B96627 /* ExploreController.swift */; };
		1CE6C962273FAE0500B96627 /* NotificationsController.swift in Sources */ = {isa = PBXBuildFile; fileRef = 1CE6C961273FAE0500B96627 /* NotificationsController.swift */; };
		1CE6C964273FAE4400B96627 /* MessagesController.swift in Sources */ = {isa = PBXBuildFile; fileRef = 1CE6C963273FAE4400B96627 /* MessagesController.swift */; };
		1CE6C967273FBC4D00B96627 /* LoginController.swift in Sources */ = {isa = PBXBuildFile; fileRef = 1CE6C966273FBC4D00B96627 /* LoginController.swift */; };
		1CE6C969273FBFE000B96627 /* SignUpController.swift in Sources */ = {isa = PBXBuildFile; fileRef = 1CE6C968273FBFE000B96627 /* SignUpController.swift */; };
		1CE6C96B273FC66E00B96627 /* Hepler.swift in Sources */ = {isa = PBXBuildFile; fileRef = 1CE6C96A273FC66E00B96627 /* Hepler.swift */; };
		1CE6C96D2741126600B96627 /* GoogleService-Info.plist in Resources */ = {isa = PBXBuildFile; fileRef = 1CE6C96C2741126600B96627 /* GoogleService-Info.plist */; };
		1CE6C970274118CE00B96627 /* FirebaseFirestore in Frameworks */ = {isa = PBXBuildFile; productRef = 1CE6C96F274118CE00B96627 /* FirebaseFirestore */; };
		1CE6C972274118CE00B96627 /* FirebaseDatabase in Frameworks */ = {isa = PBXBuildFile; productRef = 1CE6C971274118CE00B96627 /* FirebaseDatabase */; };
		1CE6C974274118CE00B96627 /* FirebaseStorage in Frameworks */ = {isa = PBXBuildFile; productRef = 1CE6C973274118CE00B96627 /* FirebaseStorage */; };
		1CE6C976274118CE00B96627 /* FirebaseFunctions in Frameworks */ = {isa = PBXBuildFile; productRef = 1CE6C975274118CE00B96627 /* FirebaseFunctions */; };
		1CE6C978274118CE00B96627 /* FirebaseAuth in Frameworks */ = {isa = PBXBuildFile; productRef = 1CE6C977274118CE00B96627 /* FirebaseAuth */; };
		1CE6C97A274118CE00B96627 /* FirebaseMessaging in Frameworks */ = {isa = PBXBuildFile; productRef = 1CE6C979274118CE00B96627 /* FirebaseMessaging */; };
		1CE6C97C274118CE00B96627 /* FirebaseDynamicLinks in Frameworks */ = {isa = PBXBuildFile; productRef = 1CE6C97B274118CE00B96627 /* FirebaseDynamicLinks */; };
/* End PBXBuildFile section */

/* Begin PBXFileReference section */
		1C4E2FD3273EB46B00D1FA3C /* Twitter.app */ = {isa = PBXFileReference; explicitFileType = wrapper.application; includeInIndex = 0; path = Twitter.app; sourceTree = BUILT_PRODUCTS_DIR; };
		1C4E2FD6273EB46B00D1FA3C /* AppDelegate.swift */ = {isa = PBXFileReference; lastKnownFileType = sourcecode.swift; path = AppDelegate.swift; sourceTree = "<group>"; };
		1C4E2FD8273EB46B00D1FA3C /* SceneDelegate.swift */ = {isa = PBXFileReference; lastKnownFileType = sourcecode.swift; path = SceneDelegate.swift; sourceTree = "<group>"; };
		1C4E2FDD273EB46B00D1FA3C /* Base */ = {isa = PBXFileReference; lastKnownFileType = file.storyboard; name = Base; path = Base.lproj/Main.storyboard; sourceTree = "<group>"; };
		1C4E2FDF273EB46D00D1FA3C /* Assets.xcassets */ = {isa = PBXFileReference; lastKnownFileType = folder.assetcatalog; path = Assets.xcassets; sourceTree = "<group>"; };
		1C4E2FE2273EB46D00D1FA3C /* Base */ = {isa = PBXFileReference; lastKnownFileType = file.storyboard; name = Base; path = Base.lproj/LaunchScreen.storyboard; sourceTree = "<group>"; };
		1C4E2FE4273EB46D00D1FA3C /* Info.plist */ = {isa = PBXFileReference; lastKnownFileType = text.plist.xml; path = Info.plist; sourceTree = "<group>"; };
		1C4E2FF0273EB54A00D1FA3C /* Extensions.swift */ = {isa = PBXFileReference; fileEncoding = 4; lastKnownFileType = sourcecode.swift; path = Extensions.swift; sourceTree = "<group>"; };
		1CE6C95B273FAAA300B96627 /* MainTabController.swift */ = {isa = PBXFileReference; lastKnownFileType = sourcecode.swift; path = MainTabController.swift; sourceTree = "<group>"; };
		1CE6C95D273FAD9A00B96627 /* FeedController.swift */ = {isa = PBXFileReference; lastKnownFileType = sourcecode.swift; path = FeedController.swift; sourceTree = "<group>"; };
		1CE6C95F273FADCA00B96627 /* ExploreController.swift */ = {isa = PBXFileReference; lastKnownFileType = sourcecode.swift; path = ExploreController.swift; sourceTree = "<group>"; };
		1CE6C961273FAE0500B96627 /* NotificationsController.swift */ = {isa = PBXFileReference; lastKnownFileType = sourcecode.swift; path = NotificationsController.swift; sourceTree = "<group>"; };
		1CE6C963273FAE4400B96627 /* MessagesController.swift */ = {isa = PBXFileReference; lastKnownFileType = sourcecode.swift; path = MessagesController.swift; sourceTree = "<group>"; };
		1CE6C966273FBC4D00B96627 /* LoginController.swift */ = {isa = PBXFileReference; lastKnownFileType = sourcecode.swift; path = LoginController.swift; sourceTree = "<group>"; };
		1CE6C968273FBFE000B96627 /* SignUpController.swift */ = {isa = PBXFileReference; lastKnownFileType = sourcecode.swift; path = SignUpController.swift; sourceTree = "<group>"; };
		1CE6C96A273FC66E00B96627 /* Hepler.swift */ = {isa = PBXFileReference; lastKnownFileType = sourcecode.swift; path = Hepler.swift; sourceTree = "<group>"; };
		1CE6C96C2741126600B96627 /* GoogleService-Info.plist */ = {isa = PBXFileReference; fileEncoding = 4; lastKnownFileType = text.plist.xml; path = "GoogleService-Info.plist"; sourceTree = "<group>"; };
/* End PBXFileReference section */

/* Begin PBXFrameworksBuildPhase section */
		1C4E2FD0273EB46B00D1FA3C /* Frameworks */ = {
			isa = PBXFrameworksBuildPhase;
			buildActionMask = 2147483647;
			files = (
				1CE6C97A274118CE00B96627 /* FirebaseMessaging in Frameworks */,
				1CE6C972274118CE00B96627 /* FirebaseDatabase in Frameworks */,
				1CE6C978274118CE00B96627 /* FirebaseAuth in Frameworks */,
				1CE6C970274118CE00B96627 /* FirebaseFirestore in Frameworks */,
				1CE6C974274118CE00B96627 /* FirebaseStorage in Frameworks */,
				1CE6C97C274118CE00B96627 /* FirebaseDynamicLinks in Frameworks */,
				1CE6C976274118CE00B96627 /* FirebaseFunctions in Frameworks */,
			);
			runOnlyForDeploymentPostprocessing = 0;
		};
/* End PBXFrameworksBuildPhase section */

/* Begin PBXGroup section */
		1C4E2FCA273EB46B00D1FA3C = {
			isa = PBXGroup;
			children = (
				1C4E2FD5273EB46B00D1FA3C /* Twitter */,
				1C4E2FD4273EB46B00D1FA3C /* Products */,
			);
			sourceTree = "<group>";
		};
		1C4E2FD4273EB46B00D1FA3C /* Products */ = {
			isa = PBXGroup;
			children = (
				1C4E2FD3273EB46B00D1FA3C /* Twitter.app */,
			);
			name = Products;
			sourceTree = "<group>";
		};
		1C4E2FD5273EB46B00D1FA3C /* Twitter */ = {
			isa = PBXGroup;
			children = (
				1C4E2FEA273EB48C00D1FA3C /* Model */,
				1C4E2FEB273EB49500D1FA3C /* View */,
				1C4E2FEC273EB49A00D1FA3C /* ViewModel */,
				1C4E2FED273EB4A100D1FA3C /* Controller */,
				1C4E2FEF273EB4AE00D1FA3C /* Helper */,
				1C4E2FEE273EB4AA00D1FA3C /* API */,
				1C4E2FD6273EB46B00D1FA3C /* AppDelegate.swift */,
				1C4E2FD8273EB46B00D1FA3C /* SceneDelegate.swift */,
				1C4E2FDC273EB46B00D1FA3C /* Main.storyboard */,
				1C4E2FDF273EB46D00D1FA3C /* Assets.xcassets */,
				1C4E2FE1273EB46D00D1FA3C /* LaunchScreen.storyboard */,
				1C4E2FE4273EB46D00D1FA3C /* Info.plist */,
				1CE6C96C2741126600B96627 /* GoogleService-Info.plist */,
			);
			path = Twitter;
			sourceTree = "<group>";
		};
		1C4E2FEA273EB48C00D1FA3C /* Model */ = {
			isa = PBXGroup;
			children = (
			);
			path = Model;
			sourceTree = "<group>";
		};
		1C4E2FEB273EB49500D1FA3C /* View */ = {
			isa = PBXGroup;
			children = (
			);
			path = View;
			sourceTree = "<group>";
		};
		1C4E2FEC273EB49A00D1FA3C /* ViewModel */ = {
			isa = PBXGroup;
			children = (
			);
			path = ViewModel;
			sourceTree = "<group>";
		};
		1C4E2FED273EB4A100D1FA3C /* Controller */ = {
			isa = PBXGroup;
			children = (
				1CE6C965273FBC3D00B96627 /* Auth */,
				1CE6C95B273FAAA300B96627 /* MainTabController.swift */,
				1CE6C95D273FAD9A00B96627 /* FeedController.swift */,
				1CE6C95F273FADCA00B96627 /* ExploreController.swift */,
				1CE6C961273FAE0500B96627 /* NotificationsController.swift */,
				1CE6C963273FAE4400B96627 /* MessagesController.swift */,
			);
			path = Controller;
			sourceTree = "<group>";
		};
		1C4E2FEE273EB4AA00D1FA3C /* API */ = {
			isa = PBXGroup;
			children = (
			);
			path = API;
			sourceTree = "<group>";
		};
		1C4E2FEF273EB4AE00D1FA3C /* Helper */ = {
			isa = PBXGroup;
			children = (
				1C4E2FF0273EB54A00D1FA3C /* Extensions.swift */,
				1CE6C96A273FC66E00B96627 /* Hepler.swift */,
			);
			path = Helper;
			sourceTree = "<group>";
		};
		1CE6C965273FBC3D00B96627 /* Auth */ = {
			isa = PBXGroup;
			children = (
				1CE6C966273FBC4D00B96627 /* LoginController.swift */,
				1CE6C968273FBFE000B96627 /* SignUpController.swift */,
			);
			path = Auth;
			sourceTree = "<group>";
		};
/* End PBXGroup section */

/* Begin PBXNativeTarget section */
		1C4E2FD2273EB46B00D1FA3C /* Twitter */ = {
			isa = PBXNativeTarget;
			buildConfigurationList = 1C4E2FE7273EB46D00D1FA3C /* Build configuration list for PBXNativeTarget "Twitter" */;
			buildPhases = (
				1C4E2FCF273EB46B00D1FA3C /* Sources */,
				1C4E2FD0273EB46B00D1FA3C /* Frameworks */,
				1C4E2FD1273EB46B00D1FA3C /* Resources */,
			);
			buildRules = (
			);
			dependencies = (
			);
			name = Twitter;
			packageProductDependencies = (
				1CE6C96F274118CE00B96627 /* FirebaseFirestore */,
				1CE6C971274118CE00B96627 /* FirebaseDatabase */,
				1CE6C973274118CE00B96627 /* FirebaseStorage */,
				1CE6C975274118CE00B96627 /* FirebaseFunctions */,
				1CE6C977274118CE00B96627 /* FirebaseAuth */,
				1CE6C979274118CE00B96627 /* FirebaseMessaging */,
				1CE6C97B274118CE00B96627 /* FirebaseDynamicLinks */,
			);
			productName = Twitter;
			productReference = 1C4E2FD3273EB46B00D1FA3C /* Twitter.app */;
			productType = "com.apple.product-type.application";
		};
/* End PBXNativeTarget section */

/* Begin PBXProject section */
		1C4E2FCB273EB46B00D1FA3C /* Project object */ = {
			isa = PBXProject;
			attributes = {
				LastSwiftUpdateCheck = 1250;
				LastUpgradeCheck = 1250;
				TargetAttributes = {
					1C4E2FD2273EB46B00D1FA3C = {
						CreatedOnToolsVersion = 12.5.1;
					};
				};
			};
			buildConfigurationList = 1C4E2FCE273EB46B00D1FA3C /* Build configuration list for PBXProject "Twitter" */;
			compatibilityVersion = "Xcode 9.3";
			developmentRegion = en;
			hasScannedForEncodings = 0;
			knownRegions = (
				en,
				Base,
			);
			mainGroup = 1C4E2FCA273EB46B00D1FA3C;
			packageReferences = (
				1CE6C96E274118CE00B96627 /* XCRemoteSwiftPackageReference "firebase-ios-sdk" */,
			);
			productRefGroup = 1C4E2FD4273EB46B00D1FA3C /* Products */;
			projectDirPath = "";
			projectRoot = "";
			targets = (
				1C4E2FD2273EB46B00D1FA3C /* Twitter */,
			);
		};
/* End PBXProject section */

/* Begin PBXResourcesBuildPhase section */
		1C4E2FD1273EB46B00D1FA3C /* Resources */ = {
			isa = PBXResourcesBuildPhase;
			buildActionMask = 2147483647;
			files = (
				1C4E2FE3273EB46D00D1FA3C /* LaunchScreen.storyboard in Resources */,
				1CE6C96D2741126600B96627 /* GoogleService-Info.plist in Resources */,
				1C4E2FE0273EB46D00D1FA3C /* Assets.xcassets in Resources */,
				1C4E2FDE273EB46B00D1FA3C /* Main.storyboard in Resources */,
			);
			runOnlyForDeploymentPostprocessing = 0;
		};
/* End PBXResourcesBuildPhase section */

/* Begin PBXSourcesBuildPhase section */
		1C4E2FCF273EB46B00D1FA3C /* Sources */ = {
			isa = PBXSourcesBuildPhase;
			buildActionMask = 2147483647;
			files = (
				1C4E2FD7273EB46B00D1FA3C /* AppDelegate.swift in Sources */,
				1C4E2FD9273EB46B00D1FA3C /* SceneDelegate.swift in Sources */,
				1CE6C95E273FAD9A00B96627 /* FeedController.swift in Sources */,
				1CE6C95C273FAAA300B96627 /* MainTabController.swift in Sources */,
				1CE6C967273FBC4D00B96627 /* LoginController.swift in Sources */,
				1CE6C969273FBFE000B96627 /* SignUpController.swift in Sources */,
				1CE6C96B273FC66E00B96627 /* Hepler.swift in Sources */,
				1CE6C962273FAE0500B96627 /* NotificationsController.swift in Sources */,
				1C4E2FF1273EB54A00D1FA3C /* Extensions.swift in Sources */,
				1CE6C960273FADCA00B96627 /* ExploreController.swift in Sources */,
				1CE6C964273FAE4400B96627 /* MessagesController.swift in Sources */,
			);
			runOnlyForDeploymentPostprocessing = 0;
		};
/* End PBXSourcesBuildPhase section */

/* Begin PBXVariantGroup section */
		1C4E2FDC273EB46B00D1FA3C /* Main.storyboard */ = {
			isa = PBXVariantGroup;
			children = (
				1C4E2FDD273EB46B00D1FA3C /* Base */,
			);
			name = Main.storyboard;
			sourceTree = "<group>";
		};
		1C4E2FE1273EB46D00D1FA3C /* LaunchScreen.storyboard */ = {
			isa = PBXVariantGroup;
			children = (
				1C4E2FE2273EB46D00D1FA3C /* Base */,
			);
			name = LaunchScreen.storyboard;
			sourceTree = "<group>";
		};
/* End PBXVariantGroup section */

/* Begin XCBuildConfiguration section */
		1C4E2FE5273EB46D00D1FA3C /* Debug */ = {
			isa = XCBuildConfiguration;
			buildSettings = {
				ALWAYS_SEARCH_USER_PATHS = NO;
				CLANG_ANALYZER_NONNULL = YES;
				CLANG_ANALYZER_NUMBER_OBJECT_CONVERSION = YES_AGGRESSIVE;
				CLANG_CXX_LANGUAGE_STANDARD = "gnu++14";
				CLANG_CXX_LIBRARY = "libc++";
				CLANG_ENABLE_MODULES = YES;
				CLANG_ENABLE_OBJC_ARC = YES;
				CLANG_ENABLE_OBJC_WEAK = YES;
				CLANG_WARN_BLOCK_CAPTURE_AUTORELEASING = YES;
				CLANG_WARN_BOOL_CONVERSION = YES;
				CLANG_WARN_COMMA = YES;
				CLANG_WARN_CONSTANT_CONVERSION = YES;
				CLANG_WARN_DEPRECATED_OBJC_IMPLEMENTATIONS = YES;
				CLANG_WARN_DIRECT_OBJC_ISA_USAGE = YES_ERROR;
				CLANG_WARN_DOCUMENTATION_COMMENTS = YES;
				CLANG_WARN_EMPTY_BODY = YES;
				CLANG_WARN_ENUM_CONVERSION = YES;
				CLANG_WARN_INFINITE_RECURSION = YES;
				CLANG_WARN_INT_CONVERSION = YES;
				CLANG_WARN_NON_LITERAL_NULL_CONVERSION = YES;
				CLANG_WARN_OBJC_IMPLICIT_RETAIN_SELF = YES;
				CLANG_WARN_OBJC_LITERAL_CONVERSION = YES;
				CLANG_WARN_OBJC_ROOT_CLASS = YES_ERROR;
				CLANG_WARN_QUOTED_INCLUDE_IN_FRAMEWORK_HEADER = YES;
				CLANG_WARN_RANGE_LOOP_ANALYSIS = YES;
				CLANG_WARN_STRICT_PROTOTYPES = YES;
				CLANG_WARN_SUSPICIOUS_MOVE = YES;
				CLANG_WARN_UNGUARDED_AVAILABILITY = YES_AGGRESSIVE;
				CLANG_WARN_UNREACHABLE_CODE = YES;
				CLANG_WARN__DUPLICATE_METHOD_MATCH = YES;
				COPY_PHASE_STRIP = NO;
				DEBUG_INFORMATION_FORMAT = dwarf;
				ENABLE_STRICT_OBJC_MSGSEND = YES;
				ENABLE_TESTABILITY = YES;
				GCC_C_LANGUAGE_STANDARD = gnu11;
				GCC_DYNAMIC_NO_PIC = NO;
				GCC_NO_COMMON_BLOCKS = YES;
				GCC_OPTIMIZATION_LEVEL = 0;
				GCC_PREPROCESSOR_DEFINITIONS = (
					"DEBUG=1",
					"$(inherited)",
				);
				GCC_WARN_64_TO_32_BIT_CONVERSION = YES;
				GCC_WARN_ABOUT_RETURN_TYPE = YES_ERROR;
				GCC_WARN_UNDECLARED_SELECTOR = YES;
				GCC_WARN_UNINITIALIZED_AUTOS = YES_AGGRESSIVE;
				GCC_WARN_UNUSED_FUNCTION = YES;
				GCC_WARN_UNUSED_VARIABLE = YES;
				IPHONEOS_DEPLOYMENT_TARGET = 14.5;
				MTL_ENABLE_DEBUG_INFO = INCLUDE_SOURCE;
				MTL_FAST_MATH = YES;
				ONLY_ACTIVE_ARCH = YES;
				SDKROOT = iphoneos;
				SWIFT_ACTIVE_COMPILATION_CONDITIONS = DEBUG;
				SWIFT_OPTIMIZATION_LEVEL = "-Onone";
			};
			name = Debug;
		};
		1C4E2FE6273EB46D00D1FA3C /* Release */ = {
			isa = XCBuildConfiguration;
			buildSettings = {
				ALWAYS_SEARCH_USER_PATHS = NO;
				CLANG_ANALYZER_NONNULL = YES;
				CLANG_ANALYZER_NUMBER_OBJECT_CONVERSION = YES_AGGRESSIVE;
				CLANG_CXX_LANGUAGE_STANDARD = "gnu++14";
				CLANG_CXX_LIBRARY = "libc++";
				CLANG_ENABLE_MODULES = YES;
				CLANG_ENABLE_OBJC_ARC = YES;
				CLANG_ENABLE_OBJC_WEAK = YES;
				CLANG_WARN_BLOCK_CAPTURE_AUTORELEASING = YES;
				CLANG_WARN_BOOL_CONVERSION = YES;
				CLANG_WARN_COMMA = YES;
				CLANG_WARN_CONSTANT_CONVERSION = YES;
				CLANG_WARN_DEPRECATED_OBJC_IMPLEMENTATIONS = YES;
				CLANG_WARN_DIRECT_OBJC_ISA_USAGE = YES_ERROR;
				CLANG_WARN_DOCUMENTATION_COMMENTS = YES;
				CLANG_WARN_EMPTY_BODY = YES;
				CLANG_WARN_ENUM_CONVERSION = YES;
				CLANG_WARN_INFINITE_RECURSION = YES;
				CLANG_WARN_INT_CONVERSION = YES;
				CLANG_WARN_NON_LITERAL_NULL_CONVERSION = YES;
				CLANG_WARN_OBJC_IMPLICIT_RETAIN_SELF = YES;
				CLANG_WARN_OBJC_LITERAL_CONVERSION = YES;
				CLANG_WARN_OBJC_ROOT_CLASS = YES_ERROR;
				CLANG_WARN_QUOTED_INCLUDE_IN_FRAMEWORK_HEADER = YES;
				CLANG_WARN_RANGE_LOOP_ANALYSIS = YES;
				CLANG_WARN_STRICT_PROTOTYPES = YES;
				CLANG_WARN_SUSPICIOUS_MOVE = YES;
				CLANG_WARN_UNGUARDED_AVAILABILITY = YES_AGGRESSIVE;
				CLANG_WARN_UNREACHABLE_CODE = YES;
				CLANG_WARN__DUPLICATE_METHOD_MATCH = YES;
				COPY_PHASE_STRIP = NO;
				DEBUG_INFORMATION_FORMAT = "dwarf-with-dsym";
				ENABLE_NS_ASSERTIONS = NO;
				ENABLE_STRICT_OBJC_MSGSEND = YES;
				GCC_C_LANGUAGE_STANDARD = gnu11;
				GCC_NO_COMMON_BLOCKS = YES;
				GCC_WARN_64_TO_32_BIT_CONVERSION = YES;
				GCC_WARN_ABOUT_RETURN_TYPE = YES_ERROR;
				GCC_WARN_UNDECLARED_SELECTOR = YES;
				GCC_WARN_UNINITIALIZED_AUTOS = YES_AGGRESSIVE;
				GCC_WARN_UNUSED_FUNCTION = YES;
				GCC_WARN_UNUSED_VARIABLE = YES;
				IPHONEOS_DEPLOYMENT_TARGET = 14.5;
				MTL_ENABLE_DEBUG_INFO = NO;
				MTL_FAST_MATH = YES;
				SDKROOT = iphoneos;
				SWIFT_COMPILATION_MODE = wholemodule;
				SWIFT_OPTIMIZATION_LEVEL = "-O";
				VALIDATE_PRODUCT = YES;
			};
			name = Release;
		};
		1C4E2FE8273EB46D00D1FA3C /* Debug */ = {
			isa = XCBuildConfiguration;
			buildSettings = {
				ASSETCATALOG_COMPILER_APPICON_NAME = AppIcon;
				ASSETCATALOG_COMPILER_GLOBAL_ACCENT_COLOR_NAME = AccentColor;
				CODE_SIGN_STYLE = Automatic;
				DEVELOPMENT_TEAM = L94FRY6ZUZ;
				INFOPLIST_FILE = Twitter/Info.plist;
				LD_RUNPATH_SEARCH_PATHS = (
					"$(inherited)",
					"@executable_path/Frameworks",
				);
				OTHER_LDFLAGS = "";
				PRODUCT_BUNDLE_IDENTIFIER = dnstylish.Twitter;
				PRODUCT_NAME = "$(TARGET_NAME)";
				SWIFT_VERSION = 5.0;
				TARGETED_DEVICE_FAMILY = "1,2";
			};
			name = Debug;
		};
		1C4E2FE9273EB46D00D1FA3C /* Release */ = {
			isa = XCBuildConfiguration;
			buildSettings = {
				ASSETCATALOG_COMPILER_APPICON_NAME = AppIcon;
				ASSETCATALOG_COMPILER_GLOBAL_ACCENT_COLOR_NAME = AccentColor;
				CODE_SIGN_STYLE = Automatic;
				DEVELOPMENT_TEAM = L94FRY6ZUZ;
				INFOPLIST_FILE = Twitter/Info.plist;
				LD_RUNPATH_SEARCH_PATHS = (
					"$(inherited)",
					"@executable_path/Frameworks",
				);
				PRODUCT_BUNDLE_IDENTIFIER = dnstylish.Twitter;
				PRODUCT_NAME = "$(TARGET_NAME)";
				SWIFT_VERSION = 5.0;
				TARGETED_DEVICE_FAMILY = "1,2";
			};
			name = Release;
		};
/* End XCBuildConfiguration section */

/* Begin XCConfigurationList section */
		1C4E2FCE273EB46B00D1FA3C /* Build configuration list for PBXProject "Twitter" */ = {
			isa = XCConfigurationList;
			buildConfigurations = (
				1C4E2FE5273EB46D00D1FA3C /* Debug */,
				1C4E2FE6273EB46D00D1FA3C /* Release */,
			);
			defaultConfigurationIsVisible = 0;
			defaultConfigurationName = Release;
		};
		1C4E2FE7273EB46D00D1FA3C /* Build configuration list for PBXNativeTarget "Twitter" */ = {
			isa = XCConfigurationList;
			buildConfigurations = (
				1C4E2FE8273EB46D00D1FA3C /* Debug */,
				1C4E2FE9273EB46D00D1FA3C /* Release */,
			);
			defaultConfigurationIsVisible = 0;
			defaultConfigurationName = Release;
		};
/* End XCConfigurationList section */

/* Begin XCRemoteSwiftPackageReference section */
		1CE6C96E274118CE00B96627 /* XCRemoteSwiftPackageReference "firebase-ios-sdk" */ = {
			isa = XCRemoteSwiftPackageReference;
			repositoryURL = "https://github.com/firebase/firebase-ios-sdk.git";
			requirement = {
				kind = upToNextMajorVersion;
				minimumVersion = 8.9.1;
			};
		};
/* End XCRemoteSwiftPackageReference section */

/* Begin XCSwiftPackageProductDependency section */
		1CE6C96F274118CE00B96627 /* FirebaseFirestore */ = {
			isa = XCSwiftPackageProductDependency;
			package = 1CE6C96E274118CE00B96627 /* XCRemoteSwiftPackageReference "firebase-ios-sdk" */;
			productName = FirebaseFirestore;
		};
		1CE6C971274118CE00B96627 /* FirebaseDatabase */ = {
			isa = XCSwiftPackageProductDependency;
			package = 1CE6C96E274118CE00B96627 /* XCRemoteSwiftPackageReference "firebase-ios-sdk" */;
			productName = FirebaseDatabase;
		};
		1CE6C973274118CE00B96627 /* FirebaseStorage */ = {
			isa = XCSwiftPackageProductDependency;
			package = 1CE6C96E274118CE00B96627 /* XCRemoteSwiftPackageReference "firebase-ios-sdk" */;
			productName = FirebaseStorage;
		};
		1CE6C975274118CE00B96627 /* FirebaseFunctions */ = {
			isa = XCSwiftPackageProductDependency;
			package = 1CE6C96E274118CE00B96627 /* XCRemoteSwiftPackageReference "firebase-ios-sdk" */;
			productName = FirebaseFunctions;
		};
		1CE6C977274118CE00B96627 /* FirebaseAuth */ = {
			isa = XCSwiftPackageProductDependency;
			package = 1CE6C96E274118CE00B96627 /* XCRemoteSwiftPackageReference "firebase-ios-sdk" */;
			productName = FirebaseAuth;
		};
		1CE6C979274118CE00B96627 /* FirebaseMessaging */ = {
			isa = XCSwiftPackageProductDependency;
			package = 1CE6C96E274118CE00B96627 /* XCRemoteSwiftPackageReference "firebase-ios-sdk" */;
			productName = FirebaseMessaging;
		};
		1CE6C97B274118CE00B96627 /* FirebaseDynamicLinks */ = {
			isa = XCSwiftPackageProductDependency;
			package = 1CE6C96E274118CE00B96627 /* XCRemoteSwiftPackageReference "firebase-ios-sdk" */;
			productName = FirebaseDynamicLinks;
		};
/* End XCSwiftPackageProductDependency section */
	};
	rootObject = 1C4E2FCB273EB46B00D1FA3C /* Project object */;
}
